
Microsoft Visual Studio Solution File, Format Version 12.00
# Visual Studio Version 17
VisualStudioVersion = 17.8.34330.188
MinimumVisualStudioVersion = 10.0.40219.1
Project("{FAE04EC0-301F-11D3-BF4B-00C04F79EFBC}") = "Практическая работа 8.6", "Практическая работа 8.6\Практическая работа 8.6.csproj", "{2BE3AF12-B309-4F7B-A2D1-8F75E2378C14}"
EndProject
Project("{FAE04EC0-301F-11D3-BF4B-00C04F79EFBC}") = "8.6.2", "8.6.2\8.6.2.csproj", "{CF9351DE-C749-4F62-BE28-AA0B6D258D79}"
EndProject
Project("{FAE04EC0-301F-11D3-BF4B-00C04F79EFBC}") = "8.6.3", "8.6.3\8.6.3.csproj", "{9F9F776E-F908-4493-B69D-AA6CAD592D53}"
EndProject
Project("{FAE04EC0-301F-11D3-BF4B-00C04F79EFBC}") = "8.6.4", "8.6.4\8.6.4.csproj", "{1AC4C544-6426-4821-9B50-F41B434DDB7F}"
EndProject
Global
	GlobalSection(SolutionConfigurationPlatforms) = preSolution
		Debug|Any CPU = Debug|Any CPU
		Release|Any CPU = Release|Any CPU
	EndGlobalSection
	GlobalSection(ProjectConfigurationPlatforms) = postSolution
		{2BE3AF12-B309-4F7B-A2D1-8F75E2378C14}.Debug|Any CPU.ActiveCfg = Debug|Any CPU
		{2BE3AF12-B309-4F7B-A2D1-8F75E2378C14}.Debug|Any CPU.Build.0 = Debug|Any CPU
		{2BE3AF12-B309-4F7B-A2D1-8F75E2378C14}.Release|Any CPU.ActiveCfg = Release|Any CPU
		{2BE3AF12-B309-4F7B-A2D1-8F75E2378C14}.Release|Any CPU.Build.0 = Release|Any CPU
		{CF9351DE-C749-4F62-BE28-AA0B6D258D79}.Debug|Any CPU.ActiveCfg = Debug|Any CPU
		{CF9351DE-C749-4F62-BE28-AA0B6D258D79}.Debug|Any CPU.Build.0 = Debug|Any CPU
		{CF9351DE-C749-4F62-BE28-AA0B6D258D79}.Release|Any CPU.ActiveCfg = Release|Any CPU
		{CF9351DE-C749-4F62-BE28-AA0B6D258D79}.Release|Any CPU.Build.0 = Release|Any CPU
		{9F9F776E-F908-4493-B69D-AA6CAD592D53}.Debug|Any CPU.ActiveCfg = Debug|Any CPU
		{9F9F776E-F908-4493-B69D-AA6CAD592D53}.Debug|Any CPU.Build.0 = Debug|Any CPU
		{9F9F776E-F908-4493-B69D-AA6CAD592D53}.Release|Any CPU.ActiveCfg = Release|Any CPU
		{9F9F776E-F908-4493-B69D-AA6CAD592D53}.Release|Any CPU.Build.0 = Release|Any CPU
		{1AC4C544-6426-4821-9B50-F41B434DDB7F}.Debug|Any CPU.ActiveCfg = Debug|Any CPU
		{1AC4C544-6426-4821-9B50-F41B434DDB7F}.Debug|Any CPU.Build.0 = Debug|Any CPU
		{1AC4C544-6426-4821-9B50-F41B434DDB7F}.Release|Any CPU.ActiveCfg = Release|Any CPU
		{1AC4C544-6426-4821-9B50-F41B434DDB7F}.Release|Any CPU.Build.0 = Release|Any CPU
	EndGlobalSection
	GlobalSection(SolutionProperties) = preSolution
		HideSolutionNode = FALSE
	EndGlobalSection
	GlobalSection(ExtensibilityGlobals) = postSolution
		SolutionGuid = {621BFEF5-4D3C-4CCF-A74B-1A4CDF0C20AA}
	EndGlobalSection
EndGlobal
